<?xml version="1.0" encoding="utf-8"?>
<Project ToolsVersion="4.0" xmlns="http://schemas.microsoft.com/developer/msbuild/2003">
  <ItemGroup>
    <ClCompile Include="TitleLevel.cpp">
      <Filter>Level</Filter>
    </ClCompile>
    <ClCompile Include="PlayLevel.cpp">
      <Filter>Level</Filter>
    </ClCompile>
    <ClCompile Include="EndingLevel.cpp">
      <Filter>Level</Filter>
    </ClCompile>
    <ClCompile Include="TitleLogo.cpp">
      <Filter>Title</Filter>
    </ClCompile>
    <ClCompile Include="EndingCredit.cpp">
      <Filter>Ending</Filter>
    </ClCompile>
    <ClCompile Include="NyangWar.cpp" />
    <ClCompile Include="Enemy.cpp">
      <Filter>Play</Filter>
    </ClCompile>
    <ClCompile Include="Nyangco.cpp">
      <Filter>Play</Filter>
    </ClCompile>
    <ClCompile Include="EnemyTower.cpp">
      <Filter>Play</Filter>
    </ClCompile>
    <ClCompile Include="NyangTower.cpp">
      <Filter>Play</Filter>
    </ClCompile>
  </ItemGroup>
  <ItemGroup>
    <ClInclude Include="TitleLevel.h">
      <Filter>Level</Filter>
    </ClInclude>
    <ClInclude Include="PlayLevel.h">
      <Filter>Level</Filter>
    </ClInclude>
    <ClInclude Include="EndingLevel.h">
      <Filter>Level</Filter>
    </ClInclude>
    <ClInclude Include="TitleLogo.h">
      <Filter>Title</Filter>
    </ClInclude>
    <ClInclude Include="EndingCredit.h">
      <Filter>Ending</Filter>
    </ClInclude>
    <ClInclude Include="NyangWar.h" />
    <ClInclude Include="Enemy.h">
      <Filter>Play</Filter>
    </ClInclude>
    <ClInclude Include="Nyangco.h">
      <Filter>Play</Filter>
    </ClInclude>
    <ClInclude Include="EnemyTower.h">
      <Filter>Play</Filter>
    </ClInclude>
    <ClInclude Include="NyangTower.h">
      <Filter>Play</Filter>
    </ClInclude>
  </ItemGroup>
  <ItemGroup>
    <Filter Include="Level">
      <UniqueIdentifier>{3fdc01d6-f74f-4c06-8337-fcfead66623d}</UniqueIdentifier>
    </Filter>
    <Filter Include="Title">
      <UniqueIdentifier>{cd82154b-1470-4a17-b710-3d828bf9cce3}</UniqueIdentifier>
    </Filter>
    <Filter Include="Play">
      <UniqueIdentifier>{2b9a7125-e5c4-4740-931d-18dd34a3f8d4}</UniqueIdentifier>
    </Filter>
    <Filter Include="Ending">
      <UniqueIdentifier>{537a457f-c8d6-4fbf-b505-9a897541433c}</UniqueIdentifier>
    </Filter>
  </ItemGroup>
</Project>